
Microsoft Visual Studio Solution File, Format Version 12.00
# Visual Studio Version 17
VisualStudioVersion = 17.10.34928.147
MinimumVisualStudioVersion = 10.0.40219.1
Project("{8BC9CEB8-8B4A-11D0-8D11-00A0C91BC942}") = "D2DBasic", "D2DBasic\D2DBasic.vcxproj", "{B240F2D2-7E41-43A5-8596-E6BCCD787001}"
EndProject
Project("{8BC9CEB8-8B4A-11D0-8D11-00A0C91BC942}") = "XYGame", "XYGame\XYGame.vcxproj", "{7A0F6B8F-7DA4-4DF8-9D48-D3A6D582ED94}"
EndProject
Global
	GlobalSection(SolutionConfigurationPlatforms) = preSolution
		Debug|x64 = Debug|x64
		Debug|x86 = Debug|x86
		Release|x64 = Release|x64
		Release|x86 = Release|x86
	EndGlobalSection
	GlobalSection(ProjectConfigurationPlatforms) = postSolution
		{B240F2D2-7E41-43A5-8596-E6BCCD787001}.Debug|x64.ActiveCfg = Debug|x64
		{B240F2D2-7E41-43A5-8596-E6BCCD787001}.Debug|x64.Build.0 = Debug|x64
		{B240F2D2-7E41-43A5-8596-E6BCCD787001}.Debug|x86.ActiveCfg = Debug|Win32
		{B240F2D2-7E41-43A5-8596-E6BCCD787001}.Debug|x86.Build.0 = Debug|Win32
		{B240F2D2-7E41-43A5-8596-E6BCCD787001}.Release|x64.ActiveCfg = Release|x64
		{B240F2D2-7E41-43A5-8596-E6BCCD787001}.Release|x64.Build.0 = Release|x64
		{B240F2D2-7E41-43A5-8596-E6BCCD787001}.Release|x86.ActiveCfg = Release|Win32
		{B240F2D2-7E41-43A5-8596-E6BCCD787001}.Release|x86.Build.0 = Release|Win32
		{7A0F6B8F-7DA4-4DF8-9D48-D3A6D582ED94}.Debug|x64.ActiveCfg = Debug|x64
		{7A0F6B8F-7DA4-4DF8-9D48-D3A6D582ED94}.Debug|x64.Build.0 = Debug|x64
		{7A0F6B8F-7DA4-4DF8-9D48-D3A6D582ED94}.Debug|x86.ActiveCfg = Debug|Win32
		{7A0F6B8F-7DA4-4DF8-9D48-D3A6D582ED94}.Debug|x86.Build.0 = Debug|Win32
		{7A0F6B8F-7DA4-4DF8-9D48-D3A6D582ED94}.Release|x64.ActiveCfg = Release|x64
		{7A0F6B8F-7DA4-4DF8-9D48-D3A6D582ED94}.Release|x64.Build.0 = Release|x64
		{7A0F6B8F-7DA4-4DF8-9D48-D3A6D582ED94}.Release|x86.ActiveCfg = Release|Win32
		{7A0F6B8F-7DA4-4DF8-9D48-D3A6D582ED94}.Release|x86.Build.0 = Release|Win32
	EndGlobalSection
	GlobalSection(SolutionProperties) = preSolution
		HideSolutionNode = FALSE
	EndGlobalSection
	GlobalSection(ExtensibilityGlobals) = postSolution
		SolutionGuid = {8C6ADAE9-78BD-452C-B4D5-0E9D7250E8C0}
	EndGlobalSection
EndGlobal
